
Microsoft Visual Studio Solution File, Format Version 12.00
# Visual Studio Version 17
VisualStudioVersion = 17.0.31903.59
MinimumVisualStudioVersion = 10.0.40219.1
Project("{FAE04EC0-301F-11D3-BF4B-00C04F79EFBC}") = "CrawlData.ServiceDefaults", "CrawlData.ServiceDefaults\CrawlData.ServiceDefaults.csproj", "{A3EF7EC7-92B1-423E-9102-1E03973D8F6D}"
EndProject
Project("{FAE04EC0-301F-11D3-BF4B-00C04F79EFBC}") = "CrawlData.ApiGateway", "CrawlData.ApiGateway\CrawlData.ApiGateway.csproj", "{1C5A749E-0E13-44EC-B806-272FDFD7C86A}"
EndProject
Project("{FAE04EC0-301F-11D3-BF4B-00C04F79EFBC}") = "CrawlData.AppHost", "CrawlData.AppHost\CrawlData.AppHost.csproj", "{090624FA-4270-4275-82AD-0FCBB919E841}"
EndProject
Project("{2150E333-8FDC-42A3-9474-1A3956D46DE8}") = "UserService-Microservice", "UserService-Microservice", "{724FBA54-DA13-432C-B4AC-9B69D1ACD98E}"
EndProject
Project("{FAE04EC0-301F-11D3-BF4B-00C04F79EFBC}") = "Application", "UserService-Microservice\Application\Application.csproj", "{757E4390-4E0A-4C77-8D46-6860555DFCF0}"
EndProject
Project("{FAE04EC0-301F-11D3-BF4B-00C04F79EFBC}") = "Domain", "UserService-Microservice\Domain\Domain.csproj", "{CFE3C9C8-BBAC-4F3A-AF99-EF3B53C2599F}"
EndProject
Project("{FAE04EC0-301F-11D3-BF4B-00C04F79EFBC}") = "Infrastructure", "UserService-Microservice\Infrastructure\Infrastructure.csproj", "{59F07C41-9ECD-4207-A82B-9CC33063EBC5}"
EndProject
Project("{2150E333-8FDC-42A3-9474-1A3956D46DE8}") = "WebCrawlerService-Microservice", "WebCrawlerService-Microservice", "{96C0DFB2-8C93-49A6-BE9E-E0DAD18C4FA9}"
EndProject
Project("{FAE04EC0-301F-11D3-BF4B-00C04F79EFBC}") = "Application", "WebCrawlerService-Microservice\Application\Application.csproj", "{AE0FE53F-36D4-4AA9-8836-809AA659B618}"
EndProject
Project("{FAE04EC0-301F-11D3-BF4B-00C04F79EFBC}") = "Domain", "WebCrawlerService-Microservice\Domain\Domain.csproj", "{8102CCD9-9932-4FF3-863E-491DED08199C}"
EndProject
Project("{FAE04EC0-301F-11D3-BF4B-00C04F79EFBC}") = "Infrastructure", "WebCrawlerService-Microservice\Infrastructure\Infrastructure.csproj", "{835A80C2-2B27-4515-AF87-AAE8DADED3D6}"
EndProject
Project("{2150E333-8FDC-42A3-9474-1A3956D46DE8}") = "ClassroomService-Microservice", "ClassroomService-Microservice", "{02EA681E-C7D8-13C7-8484-4AC65E1B71E8}"
EndProject
Project("{FAE04EC0-301F-11D3-BF4B-00C04F79EFBC}") = "Infrastructure", "ClassroomService-Microservice\Infrastructure\Infrastructure.csproj", "{7F7BEDD9-E1E3-9BB4-0C62-2E26EA11AC0A}"
EndProject
Project("{FAE04EC0-301F-11D3-BF4B-00C04F79EFBC}") = "Domain", "ClassroomService-Microservice\Domain\Domain.csproj", "{42B49498-2558-6E7A-3F51-EA266FDAA4A7}"
EndProject
Project("{FAE04EC0-301F-11D3-BF4B-00C04F79EFBC}") = "Application", "ClassroomService-Microservice\Application\Application.csproj", "{62F8BBDD-E023-717F-650C-39B1F55FED1B}"
EndProject
Project("{2150E333-8FDC-42A3-9474-1A3956D46DE8}") = "NotificationService-Microservice", "NotificationService-Microservice", "{D8B64FA8-1991-5BDA-BEF7-3D55FEE9C652}"
EndProject
Project("{FAE04EC0-301F-11D3-BF4B-00C04F79EFBC}") = "Domain", "NotificationService-Microservice\Domain\Domain.csproj", "{41AA09E8-08F3-471A-9BD7-AEEE184E9606}"
EndProject
Project("{FAE04EC0-301F-11D3-BF4B-00C04F79EFBC}") = "Infrastructure", "NotificationService-Microservice\Infrastructure\Infrastructure.csproj", "{B7F6A416-88C2-4910-8D3F-F30407061C52}"
EndProject
Project("{FAE04EC0-301F-11D3-BF4B-00C04F79EFBC}") = "Application", "NotificationService-Microservice\Application\Application.csproj", "{ED2D5DE6-0E28-4445-8D9E-217BD54CF97F}"
EndProject
Global
	GlobalSection(SolutionConfigurationPlatforms) = preSolution
		Debug|Any CPU = Debug|Any CPU
		Debug|x64 = Debug|x64
		Debug|x86 = Debug|x86
		Release|Any CPU = Release|Any CPU
		Release|x64 = Release|x64
		Release|x86 = Release|x86
	EndGlobalSection
	GlobalSection(ProjectConfigurationPlatforms) = postSolution
		{A3EF7EC7-92B1-423E-9102-1E03973D8F6D}.Debug|Any CPU.ActiveCfg = Debug|Any CPU
		{A3EF7EC7-92B1-423E-9102-1E03973D8F6D}.Debug|Any CPU.Build.0 = Debug|Any CPU
		{A3EF7EC7-92B1-423E-9102-1E03973D8F6D}.Debug|x64.ActiveCfg = Debug|Any CPU
		{A3EF7EC7-92B1-423E-9102-1E03973D8F6D}.Debug|x64.Build.0 = Debug|Any CPU
		{A3EF7EC7-92B1-423E-9102-1E03973D8F6D}.Debug|x86.ActiveCfg = Debug|Any CPU
		{A3EF7EC7-92B1-423E-9102-1E03973D8F6D}.Debug|x86.Build.0 = Debug|Any CPU
		{A3EF7EC7-92B1-423E-9102-1E03973D8F6D}.Release|Any CPU.ActiveCfg = Release|Any CPU
		{A3EF7EC7-92B1-423E-9102-1E03973D8F6D}.Release|Any CPU.Build.0 = Release|Any CPU
		{A3EF7EC7-92B1-423E-9102-1E03973D8F6D}.Release|x64.ActiveCfg = Release|Any CPU
		{A3EF7EC7-92B1-423E-9102-1E03973D8F6D}.Release|x64.Build.0 = Release|Any CPU
		{A3EF7EC7-92B1-423E-9102-1E03973D8F6D}.Release|x86.ActiveCfg = Release|Any CPU
		{A3EF7EC7-92B1-423E-9102-1E03973D8F6D}.Release|x86.Build.0 = Release|Any CPU
		{1C5A749E-0E13-44EC-B806-272FDFD7C86A}.Debug|Any CPU.ActiveCfg = Debug|Any CPU
		{1C5A749E-0E13-44EC-B806-272FDFD7C86A}.Debug|Any CPU.Build.0 = Debug|Any CPU
		{1C5A749E-0E13-44EC-B806-272FDFD7C86A}.Debug|x64.ActiveCfg = Debug|Any CPU
		{1C5A749E-0E13-44EC-B806-272FDFD7C86A}.Debug|x64.Build.0 = Debug|Any CPU
		{1C5A749E-0E13-44EC-B806-272FDFD7C86A}.Debug|x86.ActiveCfg = Debug|Any CPU
		{1C5A749E-0E13-44EC-B806-272FDFD7C86A}.Debug|x86.Build.0 = Debug|Any CPU
		{1C5A749E-0E13-44EC-B806-272FDFD7C86A}.Release|Any CPU.ActiveCfg = Release|Any CPU
		{1C5A749E-0E13-44EC-B806-272FDFD7C86A}.Release|Any CPU.Build.0 = Release|Any CPU
		{1C5A749E-0E13-44EC-B806-272FDFD7C86A}.Release|x64.ActiveCfg = Release|Any CPU
		{1C5A749E-0E13-44EC-B806-272FDFD7C86A}.Release|x64.Build.0 = Release|Any CPU
		{1C5A749E-0E13-44EC-B806-272FDFD7C86A}.Release|x86.ActiveCfg = Release|Any CPU
		{1C5A749E-0E13-44EC-B806-272FDFD7C86A}.Release|x86.Build.0 = Release|Any CPU
		{090624FA-4270-4275-82AD-0FCBB919E841}.Debug|Any CPU.ActiveCfg = Debug|Any CPU
		{090624FA-4270-4275-82AD-0FCBB919E841}.Debug|Any CPU.Build.0 = Debug|Any CPU
		{090624FA-4270-4275-82AD-0FCBB919E841}.Debug|x64.ActiveCfg = Debug|Any CPU
		{090624FA-4270-4275-82AD-0FCBB919E841}.Debug|x64.Build.0 = Debug|Any CPU
		{090624FA-4270-4275-82AD-0FCBB919E841}.Debug|x86.ActiveCfg = Debug|Any CPU
		{090624FA-4270-4275-82AD-0FCBB919E841}.Debug|x86.Build.0 = Debug|Any CPU
		{090624FA-4270-4275-82AD-0FCBB919E841}.Release|Any CPU.ActiveCfg = Release|Any CPU
		{090624FA-4270-4275-82AD-0FCBB919E841}.Release|Any CPU.Build.0 = Release|Any CPU
		{090624FA-4270-4275-82AD-0FCBB919E841}.Release|x64.ActiveCfg = Release|Any CPU
		{090624FA-4270-4275-82AD-0FCBB919E841}.Release|x64.Build.0 = Release|Any CPU
		{090624FA-4270-4275-82AD-0FCBB919E841}.Release|x86.ActiveCfg = Release|Any CPU
		{090624FA-4270-4275-82AD-0FCBB919E841}.Release|x86.Build.0 = Release|Any CPU
		{757E4390-4E0A-4C77-8D46-6860555DFCF0}.Debug|Any CPU.ActiveCfg = Debug|Any CPU
		{757E4390-4E0A-4C77-8D46-6860555DFCF0}.Debug|Any CPU.Build.0 = Debug|Any CPU
		{757E4390-4E0A-4C77-8D46-6860555DFCF0}.Debug|x64.ActiveCfg = Debug|Any CPU
		{757E4390-4E0A-4C77-8D46-6860555DFCF0}.Debug|x64.Build.0 = Debug|Any CPU
		{757E4390-4E0A-4C77-8D46-6860555DFCF0}.Debug|x86.ActiveCfg = Debug|Any CPU
		{757E4390-4E0A-4C77-8D46-6860555DFCF0}.Debug|x86.Build.0 = Debug|Any CPU
		{757E4390-4E0A-4C77-8D46-6860555DFCF0}.Release|Any CPU.ActiveCfg = Release|Any CPU
		{757E4390-4E0A-4C77-8D46-6860555DFCF0}.Release|Any CPU.Build.0 = Release|Any CPU
		{757E4390-4E0A-4C77-8D46-6860555DFCF0}.Release|x64.ActiveCfg = Release|Any CPU
		{757E4390-4E0A-4C77-8D46-6860555DFCF0}.Release|x64.Build.0 = Release|Any CPU
		{757E4390-4E0A-4C77-8D46-6860555DFCF0}.Release|x86.ActiveCfg = Release|Any CPU
		{757E4390-4E0A-4C77-8D46-6860555DFCF0}.Release|x86.Build.0 = Release|Any CPU
		{CFE3C9C8-BBAC-4F3A-AF99-EF3B53C2599F}.Debug|Any CPU.ActiveCfg = Debug|Any CPU
		{CFE3C9C8-BBAC-4F3A-AF99-EF3B53C2599F}.Debug|Any CPU.Build.0 = Debug|Any CPU
		{CFE3C9C8-BBAC-4F3A-AF99-EF3B53C2599F}.Debug|x64.ActiveCfg = Debug|Any CPU
		{CFE3C9C8-BBAC-4F3A-AF99-EF3B53C2599F}.Debug|x64.Build.0 = Debug|Any CPU
		{CFE3C9C8-BBAC-4F3A-AF99-EF3B53C2599F}.Debug|x86.ActiveCfg = Debug|Any CPU
		{CFE3C9C8-BBAC-4F3A-AF99-EF3B53C2599F}.Debug|x86.Build.0 = Debug|Any CPU
		{CFE3C9C8-BBAC-4F3A-AF99-EF3B53C2599F}.Release|Any CPU.ActiveCfg = Release|Any CPU
		{CFE3C9C8-BBAC-4F3A-AF99-EF3B53C2599F}.Release|Any CPU.Build.0 = Release|Any CPU
		{CFE3C9C8-BBAC-4F3A-AF99-EF3B53C2599F}.Release|x64.ActiveCfg = Release|Any CPU
		{CFE3C9C8-BBAC-4F3A-AF99-EF3B53C2599F}.Release|x64.Build.0 = Release|Any CPU
		{CFE3C9C8-BBAC-4F3A-AF99-EF3B53C2599F}.Release|x86.ActiveCfg = Release|Any CPU
		{CFE3C9C8-BBAC-4F3A-AF99-EF3B53C2599F}.Release|x86.Build.0 = Release|Any CPU
		{59F07C41-9ECD-4207-A82B-9CC33063EBC5}.Debug|Any CPU.ActiveCfg = Debug|Any CPU
		{59F07C41-9ECD-4207-A82B-9CC33063EBC5}.Debug|Any CPU.Build.0 = Debug|Any CPU
		{59F07C41-9ECD-4207-A82B-9CC33063EBC5}.Debug|x64.ActiveCfg = Debug|Any CPU
		{59F07C41-9ECD-4207-A82B-9CC33063EBC5}.Debug|x64.Build.0 = Debug|Any CPU
		{59F07C41-9ECD-4207-A82B-9CC33063EBC5}.Debug|x86.ActiveCfg = Debug|Any CPU
		{59F07C41-9ECD-4207-A82B-9CC33063EBC5}.Debug|x86.Build.0 = Debug|Any CPU
		{59F07C41-9ECD-4207-A82B-9CC33063EBC5}.Release|Any CPU.ActiveCfg = Release|Any CPU
		{59F07C41-9ECD-4207-A82B-9CC33063EBC5}.Release|Any CPU.Build.0 = Release|Any CPU
		{59F07C41-9ECD-4207-A82B-9CC33063EBC5}.Release|x64.ActiveCfg = Release|Any CPU
		{59F07C41-9ECD-4207-A82B-9CC33063EBC5}.Release|x64.Build.0 = Release|Any CPU
		{59F07C41-9ECD-4207-A82B-9CC33063EBC5}.Release|x86.ActiveCfg = Release|Any CPU
		{59F07C41-9ECD-4207-A82B-9CC33063EBC5}.Release|x86.Build.0 = Release|Any CPU
		{AE0FE53F-36D4-4AA9-8836-809AA659B618}.Debug|Any CPU.ActiveCfg = Debug|Any CPU
		{AE0FE53F-36D4-4AA9-8836-809AA659B618}.Debug|Any CPU.Build.0 = Debug|Any CPU
		{AE0FE53F-36D4-4AA9-8836-809AA659B618}.Debug|x64.ActiveCfg = Debug|Any CPU
		{AE0FE53F-36D4-4AA9-8836-809AA659B618}.Debug|x64.Build.0 = Debug|Any CPU
		{AE0FE53F-36D4-4AA9-8836-809AA659B618}.Debug|x86.ActiveCfg = Debug|Any CPU
		{AE0FE53F-36D4-4AA9-8836-809AA659B618}.Debug|x86.Build.0 = Debug|Any CPU
		{AE0FE53F-36D4-4AA9-8836-809AA659B618}.Release|Any CPU.ActiveCfg = Release|Any CPU
		{AE0FE53F-36D4-4AA9-8836-809AA659B618}.Release|Any CPU.Build.0 = Release|Any CPU
		{AE0FE53F-36D4-4AA9-8836-809AA659B618}.Release|x64.ActiveCfg = Release|Any CPU
		{AE0FE53F-36D4-4AA9-8836-809AA659B618}.Release|x64.Build.0 = Release|Any CPU
		{AE0FE53F-36D4-4AA9-8836-809AA659B618}.Release|x86.ActiveCfg = Release|Any CPU
		{AE0FE53F-36D4-4AA9-8836-809AA659B618}.Release|x86.Build.0 = Release|Any CPU
		{8102CCD9-9932-4FF3-863E-491DED08199C}.Debug|Any CPU.ActiveCfg = Debug|Any CPU
		{8102CCD9-9932-4FF3-863E-491DED08199C}.Debug|Any CPU.Build.0 = Debug|Any CPU
		{8102CCD9-9932-4FF3-863E-491DED08199C}.Debug|x64.ActiveCfg = Debug|Any CPU
		{8102CCD9-9932-4FF3-863E-491DED08199C}.Debug|x64.Build.0 = Debug|Any CPU
		{8102CCD9-9932-4FF3-863E-491DED08199C}.Debug|x86.ActiveCfg = Debug|Any CPU
		{8102CCD9-9932-4FF3-863E-491DED08199C}.Debug|x86.Build.0 = Debug|Any CPU
		{8102CCD9-9932-4FF3-863E-491DED08199C}.Release|Any CPU.ActiveCfg = Release|Any CPU
		{8102CCD9-9932-4FF3-863E-491DED08199C}.Release|Any CPU.Build.0 = Release|Any CPU
		{8102CCD9-9932-4FF3-863E-491DED08199C}.Release|x64.ActiveCfg = Release|Any CPU
		{8102CCD9-9932-4FF3-863E-491DED08199C}.Release|x64.Build.0 = Release|Any CPU
		{8102CCD9-9932-4FF3-863E-491DED08199C}.Release|x86.ActiveCfg = Release|Any CPU
		{8102CCD9-9932-4FF3-863E-491DED08199C}.Release|x86.Build.0 = Release|Any CPU
		{835A80C2-2B27-4515-AF87-AAE8DADED3D6}.Debug|Any CPU.ActiveCfg = Debug|Any CPU
		{835A80C2-2B27-4515-AF87-AAE8DADED3D6}.Debug|Any CPU.Build.0 = Debug|Any CPU
		{835A80C2-2B27-4515-AF87-AAE8DADED3D6}.Debug|x64.ActiveCfg = Debug|Any CPU
		{835A80C2-2B27-4515-AF87-AAE8DADED3D6}.Debug|x64.Build.0 = Debug|Any CPU
		{835A80C2-2B27-4515-AF87-AAE8DADED3D6}.Debug|x86.ActiveCfg = Debug|Any CPU
		{835A80C2-2B27-4515-AF87-AAE8DADED3D6}.Debug|x86.Build.0 = Debug|Any CPU
		{835A80C2-2B27-4515-AF87-AAE8DADED3D6}.Release|Any CPU.ActiveCfg = Release|Any CPU
		{835A80C2-2B27-4515-AF87-AAE8DADED3D6}.Release|Any CPU.Build.0 = Release|Any CPU
		{835A80C2-2B27-4515-AF87-AAE8DADED3D6}.Release|x64.ActiveCfg = Release|Any CPU
		{835A80C2-2B27-4515-AF87-AAE8DADED3D6}.Release|x64.Build.0 = Release|Any CPU
		{835A80C2-2B27-4515-AF87-AAE8DADED3D6}.Release|x86.ActiveCfg = Release|Any CPU
		{835A80C2-2B27-4515-AF87-AAE8DADED3D6}.Release|x86.Build.0 = Release|Any CPU
		{7F7BEDD9-E1E3-9BB4-0C62-2E26EA11AC0A}.Debug|Any CPU.ActiveCfg = Debug|Any CPU
		{7F7BEDD9-E1E3-9BB4-0C62-2E26EA11AC0A}.Debug|Any CPU.Build.0 = Debug|Any CPU
		{7F7BEDD9-E1E3-9BB4-0C62-2E26EA11AC0A}.Debug|x64.ActiveCfg = Debug|Any CPU
		{7F7BEDD9-E1E3-9BB4-0C62-2E26EA11AC0A}.Debug|x64.Build.0 = Debug|Any CPU
		{7F7BEDD9-E1E3-9BB4-0C62-2E26EA11AC0A}.Debug|x86.ActiveCfg = Debug|Any CPU
		{7F7BEDD9-E1E3-9BB4-0C62-2E26EA11AC0A}.Debug|x86.Build.0 = Debug|Any CPU
		{7F7BEDD9-E1E3-9BB4-0C62-2E26EA11AC0A}.Release|Any CPU.ActiveCfg = Release|Any CPU
		{7F7BEDD9-E1E3-9BB4-0C62-2E26EA11AC0A}.Release|Any CPU.Build.0 = Release|Any CPU
		{7F7BEDD9-E1E3-9BB4-0C62-2E26EA11AC0A}.Release|x64.ActiveCfg = Release|Any CPU
		{7F7BEDD9-E1E3-9BB4-0C62-2E26EA11AC0A}.Release|x64.Build.0 = Release|Any CPU
		{7F7BEDD9-E1E3-9BB4-0C62-2E26EA11AC0A}.Release|x86.ActiveCfg = Release|Any CPU
		{7F7BEDD9-E1E3-9BB4-0C62-2E26EA11AC0A}.Release|x86.Build.0 = Release|Any CPU
		{42B49498-2558-6E7A-3F51-EA266FDAA4A7}.Debug|Any CPU.ActiveCfg = Debug|Any CPU
		{42B49498-2558-6E7A-3F51-EA266FDAA4A7}.Debug|Any CPU.Build.0 = Debug|Any CPU
		{42B49498-2558-6E7A-3F51-EA266FDAA4A7}.Debug|x64.ActiveCfg = Debug|Any CPU
		{42B49498-2558-6E7A-3F51-EA266FDAA4A7}.Debug|x64.Build.0 = Debug|Any CPU
		{42B49498-2558-6E7A-3F51-EA266FDAA4A7}.Debug|x86.ActiveCfg = Debug|Any CPU
		{42B49498-2558-6E7A-3F51-EA266FDAA4A7}.Debug|x86.Build.0 = Debug|Any CPU
		{42B49498-2558-6E7A-3F51-EA266FDAA4A7}.Release|Any CPU.ActiveCfg = Release|Any CPU
		{42B49498-2558-6E7A-3F51-EA266FDAA4A7}.Release|Any CPU.Build.0 = Release|Any CPU
		{42B49498-2558-6E7A-3F51-EA266FDAA4A7}.Release|x64.ActiveCfg = Release|Any CPU
		{42B49498-2558-6E7A-3F51-EA266FDAA4A7}.Release|x64.Build.0 = Release|Any CPU
		{42B49498-2558-6E7A-3F51-EA266FDAA4A7}.Release|x86.ActiveCfg = Release|Any CPU
		{42B49498-2558-6E7A-3F51-EA266FDAA4A7}.Release|x86.Build.0 = Release|Any CPU
		{62F8BBDD-E023-717F-650C-39B1F55FED1B}.Debug|Any CPU.ActiveCfg = Debug|Any CPU
		{62F8BBDD-E023-717F-650C-39B1F55FED1B}.Debug|Any CPU.Build.0 = Debug|Any CPU
		{62F8BBDD-E023-717F-650C-39B1F55FED1B}.Debug|x64.ActiveCfg = Debug|Any CPU
		{62F8BBDD-E023-717F-650C-39B1F55FED1B}.Debug|x64.Build.0 = Debug|Any CPU
		{62F8BBDD-E023-717F-650C-39B1F55FED1B}.Debug|x86.ActiveCfg = Debug|Any CPU
		{62F8BBDD-E023-717F-650C-39B1F55FED1B}.Debug|x86.Build.0 = Debug|Any CPU
		{62F8BBDD-E023-717F-650C-39B1F55FED1B}.Release|Any CPU.ActiveCfg = Release|Any CPU
		{62F8BBDD-E023-717F-650C-39B1F55FED1B}.Release|Any CPU.Build.0 = Release|Any CPU
		{62F8BBDD-E023-717F-650C-39B1F55FED1B}.Release|x64.ActiveCfg = Release|Any CPU
		{62F8BBDD-E023-717F-650C-39B1F55FED1B}.Release|x64.Build.0 = Release|Any CPU
		{62F8BBDD-E023-717F-650C-39B1F55FED1B}.Release|x86.ActiveCfg = Release|Any CPU
		{62F8BBDD-E023-717F-650C-39B1F55FED1B}.Release|x86.Build.0 = Release|Any CPU
		{41AA09E8-08F3-471A-9BD7-AEEE184E9606}.Debug|Any CPU.ActiveCfg = Debug|Any CPU
		{41AA09E8-08F3-471A-9BD7-AEEE184E9606}.Debug|Any CPU.Build.0 = Debug|Any CPU
		{41AA09E8-08F3-471A-9BD7-AEEE184E9606}.Debug|x64.ActiveCfg = Debug|Any CPU
		{41AA09E8-08F3-471A-9BD7-AEEE184E9606}.Debug|x64.Build.0 = Debug|Any CPU
		{41AA09E8-08F3-471A-9BD7-AEEE184E9606}.Debug|x86.ActiveCfg = Debug|Any CPU
		{41AA09E8-08F3-471A-9BD7-AEEE184E9606}.Debug|x86.Build.0 = Debug|Any CPU
		{41AA09E8-08F3-471A-9BD7-AEEE184E9606}.Release|Any CPU.ActiveCfg = Release|Any CPU
		{41AA09E8-08F3-471A-9BD7-AEEE184E9606}.Release|Any CPU.Build.0 = Release|Any CPU
		{41AA09E8-08F3-471A-9BD7-AEEE184E9606}.Release|x64.ActiveCfg = Release|Any CPU
		{41AA09E8-08F3-471A-9BD7-AEEE184E9606}.Release|x64.Build.0 = Release|Any CPU
		{41AA09E8-08F3-471A-9BD7-AEEE184E9606}.Release|x86.ActiveCfg = Release|Any CPU
		{41AA09E8-08F3-471A-9BD7-AEEE184E9606}.Release|x86.Build.0 = Release|Any CPU
		{B7F6A416-88C2-4910-8D3F-F30407061C52}.Debug|Any CPU.ActiveCfg = Debug|Any CPU
		{B7F6A416-88C2-4910-8D3F-F30407061C52}.Debug|Any CPU.Build.0 = Debug|Any CPU
		{B7F6A416-88C2-4910-8D3F-F30407061C52}.Debug|x64.ActiveCfg = Debug|Any CPU
		{B7F6A416-88C2-4910-8D3F-F30407061C52}.Debug|x64.Build.0 = Debug|Any CPU
		{B7F6A416-88C2-4910-8D3F-F30407061C52}.Debug|x86.ActiveCfg = Debug|Any CPU
		{B7F6A416-88C2-4910-8D3F-F30407061C52}.Debug|x86.Build.0 = Debug|Any CPU
		{B7F6A416-88C2-4910-8D3F-F30407061C52}.Release|Any CPU.ActiveCfg = Release|Any CPU
		{B7F6A416-88C2-4910-8D3F-F30407061C52}.Release|Any CPU.Build.0 = Release|Any CPU
		{B7F6A416-88C2-4910-8D3F-F30407061C52}.Release|x64.ActiveCfg = Release|Any CPU
		{B7F6A416-88C2-4910-8D3F-F30407061C52}.Release|x64.Build.0 = Release|Any CPU
		{B7F6A416-88C2-4910-8D3F-F30407061C52}.Release|x86.ActiveCfg = Release|Any CPU
		{B7F6A416-88C2-4910-8D3F-F30407061C52}.Release|x86.Build.0 = Release|Any CPU
		{ED2D5DE6-0E28-4445-8D9E-217BD54CF97F}.Debug|Any CPU.ActiveCfg = Debug|Any CPU
		{ED2D5DE6-0E28-4445-8D9E-217BD54CF97F}.Debug|Any CPU.Build.0 = Debug|Any CPU
		{ED2D5DE6-0E28-4445-8D9E-217BD54CF97F}.Debug|x64.ActiveCfg = Debug|Any CPU
		{ED2D5DE6-0E28-4445-8D9E-217BD54CF97F}.Debug|x64.Build.0 = Debug|Any CPU
		{ED2D5DE6-0E28-4445-8D9E-217BD54CF97F}.Debug|x86.ActiveCfg = Debug|Any CPU
		{ED2D5DE6-0E28-4445-8D9E-217BD54CF97F}.Debug|x86.Build.0 = Debug|Any CPU
		{ED2D5DE6-0E28-4445-8D9E-217BD54CF97F}.Release|Any CPU.ActiveCfg = Release|Any CPU
		{ED2D5DE6-0E28-4445-8D9E-217BD54CF97F}.Release|Any CPU.Build.0 = Release|Any CPU
		{ED2D5DE6-0E28-4445-8D9E-217BD54CF97F}.Release|x64.ActiveCfg = Release|Any CPU
		{ED2D5DE6-0E28-4445-8D9E-217BD54CF97F}.Release|x64.Build.0 = Release|Any CPU
		{ED2D5DE6-0E28-4445-8D9E-217BD54CF97F}.Release|x86.ActiveCfg = Release|Any CPU
		{ED2D5DE6-0E28-4445-8D9E-217BD54CF97F}.Release|x86.Build.0 = Release|Any CPU
	EndGlobalSection
	GlobalSection(SolutionProperties) = preSolution
		HideSolutionNode = FALSE
	EndGlobalSection
	GlobalSection(NestedProjects) = preSolution
		{757E4390-4E0A-4C77-8D46-6860555DFCF0} = {724FBA54-DA13-432C-B4AC-9B69D1ACD98E}
		{CFE3C9C8-BBAC-4F3A-AF99-EF3B53C2599F} = {724FBA54-DA13-432C-B4AC-9B69D1ACD98E}
		{59F07C41-9ECD-4207-A82B-9CC33063EBC5} = {724FBA54-DA13-432C-B4AC-9B69D1ACD98E}
		{AE0FE53F-36D4-4AA9-8836-809AA659B618} = {96C0DFB2-8C93-49A6-BE9E-E0DAD18C4FA9}
		{8102CCD9-9932-4FF3-863E-491DED08199C} = {96C0DFB2-8C93-49A6-BE9E-E0DAD18C4FA9}
		{835A80C2-2B27-4515-AF87-AAE8DADED3D6} = {96C0DFB2-8C93-49A6-BE9E-E0DAD18C4FA9}
		{7F7BEDD9-E1E3-9BB4-0C62-2E26EA11AC0A} = {02EA681E-C7D8-13C7-8484-4AC65E1B71E8}
		{42B49498-2558-6E7A-3F51-EA266FDAA4A7} = {02EA681E-C7D8-13C7-8484-4AC65E1B71E8}
		{62F8BBDD-E023-717F-650C-39B1F55FED1B} = {02EA681E-C7D8-13C7-8484-4AC65E1B71E8}
		{41AA09E8-08F3-471A-9BD7-AEEE184E9606} = {D8B64FA8-1991-5BDA-BEF7-3D55FEE9C652}
		{B7F6A416-88C2-4910-8D3F-F30407061C52} = {D8B64FA8-1991-5BDA-BEF7-3D55FEE9C652}
		{ED2D5DE6-0E28-4445-8D9E-217BD54CF97F} = {D8B64FA8-1991-5BDA-BEF7-3D55FEE9C652}
	EndGlobalSection
	GlobalSection(ExtensibilityGlobals) = postSolution
		SolutionGuid = {3423F11A-1BF9-4692-A72A-CCE634632D7B}
	EndGlobalSection
EndGlobal
